
Microsoft Visual Studio Solution File, Format Version 12.00
# Visual Studio Version 17
VisualStudioVersion = 17.5.002.0
MinimumVisualStudioVersion = 10.0.40219.1
Project("{9A19103F-16F7-4668-BE54-9A1E7A4F7556}") = "generator", "generator\generator.csproj", "{665B4F97-C51D-4A7B-AF99-72C8754FFFF5}"
EndProject
Project("{FAE04EC0-301F-11D3-BF4B-00C04F79EFBC}") = "example", "generator\example\example.csproj", "{796AB593-2612-4F82-A312-A8702D9D6BCF}"
EndProject
Global
	GlobalSection(SolutionConfigurationPlatforms) = preSolution
		Debug|Any CPU = Debug|Any CPU
		Release|Any CPU = Release|Any CPU
	EndGlobalSection
	GlobalSection(ProjectConfigurationPlatforms) = postSolution
		{665B4F97-C51D-4A7B-AF99-72C8754FFFF5}.Debug|Any CPU.ActiveCfg = Debug|Any CPU
		{665B4F97-C51D-4A7B-AF99-72C8754FFFF5}.Debug|Any CPU.Build.0 = Debug|Any CPU
		{665B4F97-C51D-4A7B-AF99-72C8754FFFF5}.Release|Any CPU.ActiveCfg = Release|Any CPU
		{665B4F97-C51D-4A7B-AF99-72C8754FFFF5}.Release|Any CPU.Build.0 = Release|Any CPU
		{796AB593-2612-4F82-A312-A8702D9D6BCF}.Debug|Any CPU.ActiveCfg = Debug|Any CPU
		{796AB593-2612-4F82-A312-A8702D9D6BCF}.Debug|Any CPU.Build.0 = Debug|Any CPU
		{796AB593-2612-4F82-A312-A8702D9D6BCF}.Release|Any CPU.ActiveCfg = Release|Any CPU
		{796AB593-2612-4F82-A312-A8702D9D6BCF}.Release|Any CPU.Build.0 = Release|Any CPU
	EndGlobalSection
	GlobalSection(SolutionProperties) = preSolution
		HideSolutionNode = FALSE
	EndGlobalSection
	GlobalSection(ExtensibilityGlobals) = postSolution
		SolutionGuid = {5BD76BB0-71CF-48B7-A35A-99E0249741F1}
	EndGlobalSection
	GlobalSection(NestedProjects) = preSolution
		{796AB593-2612-4F82-A312-A8702D9D6BCF} = {B7D56743-BDEB-499D-8AA2-5E0A43F0B1B7}
	EndGlobalSection
EndGlobal
